{
  "name": "screeps-ant-swarm",
  "version": "1.0.0",
  "lockfileVersion": 3,
  "requires": true,
  "packages": {
    "": {
      "name": "screeps-ant-swarm",
      "version": "1.0.0",
      "hasInstallScript": true,
      "license": "Unlicense",
      "engines": {
        "node": ">=16.0.0 <=20.x",
        "npm": ">=8.0.0"
      }
    }
  }
}
